
Microsoft Visual Studio Solution File, Format Version 12.00
# Visual Studio Version 17
VisualStudioVersion = 17.5.002.0
MinimumVisualStudioVersion = 10.0.40219.1
Project("{9A19103F-16F7-4668-BE54-9A1E7A4F7556}") = "tl1-tp6-2024-mainaessens", "tl1-tp6-2024-mainaessens.csproj", "{51D2833F-0146-441D-AE12-A6E23D6BABE9}"
EndProject
Global
	GlobalSection(SolutionConfigurationPlatforms) = preSolution
		Debug|Any CPU = Debug|Any CPU
		Release|Any CPU = Release|Any CPU
	EndGlobalSection
	GlobalSection(ProjectConfigurationPlatforms) = postSolution
		{51D2833F-0146-441D-AE12-A6E23D6BABE9}.Debug|Any CPU.ActiveCfg = Debug|Any CPU
		{51D2833F-0146-441D-AE12-A6E23D6BABE9}.Debug|Any CPU.Build.0 = Debug|Any CPU
		{51D2833F-0146-441D-AE12-A6E23D6BABE9}.Release|Any CPU.ActiveCfg = Release|Any CPU
		{51D2833F-0146-441D-AE12-A6E23D6BABE9}.Release|Any CPU.Build.0 = Release|Any CPU
	EndGlobalSection
	GlobalSection(SolutionProperties) = preSolution
		HideSolutionNode = FALSE
	EndGlobalSection
	GlobalSection(ExtensibilityGlobals) = postSolution
		SolutionGuid = {A8454C43-6841-4D33-A84D-E575AF83D1C4}
	EndGlobalSection
EndGlobal
